
Microsoft Visual Studio Solution File, Format Version 12.00
# Visual Studio Version 16
VisualStudioVersion = 16.0.28714.193
MinimumVisualStudioVersion = 10.0.40219.1
Project("{FAE04EC0-301F-11D3-BF4B-00C04F79EFBC}") = "Investor", "Investor\Investor.csproj", "{75020AD4-55F3-4F22-93DB-220115363EA4}"
EndProject
Global
	GlobalSection(SolutionConfigurationPlatforms) = preSolution
		Debug|Any CPU = Debug|Any CPU
		Release|Any CPU = Release|Any CPU
	EndGlobalSection
	GlobalSection(ProjectConfigurationPlatforms) = postSolution
		{75020AD4-55F3-4F22-93DB-220115363EA4}.Debug|Any CPU.ActiveCfg = Debug|Any CPU
		{75020AD4-55F3-4F22-93DB-220115363EA4}.Debug|Any CPU.Build.0 = Debug|Any CPU
		{75020AD4-55F3-4F22-93DB-220115363EA4}.Release|Any CPU.ActiveCfg = Release|Any CPU
		{75020AD4-55F3-4F22-93DB-220115363EA4}.Release|Any CPU.Build.0 = Release|Any CPU
	EndGlobalSection
	GlobalSection(SolutionProperties) = preSolution
		HideSolutionNode = FALSE
	EndGlobalSection
	GlobalSection(ExtensibilityGlobals) = postSolution
		SolutionGuid = {C4DBFC12-A440-4201-8845-11FC1D5B8E03}
	EndGlobalSection
EndGlobal
